// !$*UTF8*$!
{
	archiveVersion = 1;
	classes = {
	};
	objectVersion = 50;
	objects = {

/* Begin PBXBuildFile section */
		1413D66B252AD7AE00E51EC4 /* ValidatingDIsableForms.swift in Sources */ = {isa = PBXBuildFile; fileRef = 1413D66A252AD7AE00E51EC4 /* ValidatingDIsableForms.swift */; };
		141F630E251B44BA00A4CE48 /* TutorialsApp.swift in Sources */ = {isa = PBXBuildFile; fileRef = 141F630D251B44BA00A4CE48 /* TutorialsApp.swift */; };
		141F6310251B44BA00A4CE48 /* ContentView.swift in Sources */ = {isa = PBXBuildFile; fileRef = 141F630F251B44BA00A4CE48 /* ContentView.swift */; };
		141F6312251B44BB00A4CE48 /* Assets.xcassets in Resources */ = {isa = PBXBuildFile; fileRef = 141F6311251B44BB00A4CE48 /* Assets.xcassets */; };
		141F6315251B44BB00A4CE48 /* Preview Assets.xcassets in Resources */ = {isa = PBXBuildFile; fileRef = 141F6314251B44BB00A4CE48 /* Preview Assets.xcassets */; };
		141F631E251B4C3400A4CE48 /* Loop.swift in Sources */ = {isa = PBXBuildFile; fileRef = 141F631D251B4C3400A4CE48 /* Loop.swift */; };
		144C56A22520AEDE00481DFE /* PaySeparate.swift in Sources */ = {isa = PBXBuildFile; fileRef = 144C56A12520AEDE00481DFE /* PaySeparate.swift */; };
		1452C85C251F1C5C00DD806C /* TabBar.swift in Sources */ = {isa = PBXBuildFile; fileRef = 1452C85B251F1C5C00DD806C /* TabBar.swift */; };
		14C63C8A251DB7590000AE85 /* LoginFormEx.swift in Sources */ = {isa = PBXBuildFile; fileRef = 14C63C89251DB7590000AE85 /* LoginFormEx.swift */; };
		14D58047251F3A7E00256FAE /* TabBar2.swift in Sources */ = {isa = PBXBuildFile; fileRef = 14D58046251F3A7E00256FAE /* TabBar2.swift */; };
		14DF8A0425261A1E00918E8B /* URLTutorial.swift in Sources */ = {isa = PBXBuildFile; fileRef = 14DF8A0325261A1E00918E8B /* URLTutorial.swift */; };
/* End PBXBuildFile section */

/* Begin PBXFileReference section */
		1413D66A252AD7AE00E51EC4 /* ValidatingDIsableForms.swift */ = {isa = PBXFileReference; lastKnownFileType = sourcecode.swift; path = ValidatingDIsableForms.swift; sourceTree = "<group>"; };
		141F630A251B44BA00A4CE48 /* Tutorials.app */ = {isa = PBXFileReference; explicitFileType = wrapper.application; includeInIndex = 0; path = Tutorials.app; sourceTree = BUILT_PRODUCTS_DIR; };
		141F630D251B44BA00A4CE48 /* TutorialsApp.swift */ = {isa = PBXFileReference; lastKnownFileType = sourcecode.swift; path = TutorialsApp.swift; sourceTree = "<group>"; };
		141F630F251B44BA00A4CE48 /* ContentView.swift */ = {isa = PBXFileReference; lastKnownFileType = sourcecode.swift; path = ContentView.swift; sourceTree = "<group>"; };
		141F6311251B44BB00A4CE48 /* Assets.xcassets */ = {isa = PBXFileReference; lastKnownFileType = folder.assetcatalog; path = Assets.xcassets; sourceTree = "<group>"; };
		141F6314251B44BB00A4CE48 /* Preview Assets.xcassets */ = {isa = PBXFileReference; lastKnownFileType = folder.assetcatalog; path = "Preview Assets.xcassets"; sourceTree = "<group>"; };
		141F6316251B44BB00A4CE48 /* Info.plist */ = {isa = PBXFileReference; lastKnownFileType = text.plist.xml; path = Info.plist; sourceTree = "<group>"; };
		141F631D251B4C3400A4CE48 /* Loop.swift */ = {isa = PBXFileReference; lastKnownFileType = sourcecode.swift; path = Loop.swift; sourceTree = "<group>"; };
		144C56A12520AEDE00481DFE /* PaySeparate.swift */ = {isa = PBXFileReference; lastKnownFileType = sourcecode.swift; path = PaySeparate.swift; sourceTree = "<group>"; };
		1452C85B251F1C5C00DD806C /* TabBar.swift */ = {isa = PBXFileReference; lastKnownFileType = sourcecode.swift; path = TabBar.swift; sourceTree = "<group>"; };
		14C63C89251DB7590000AE85 /* LoginFormEx.swift */ = {isa = PBXFileReference; lastKnownFileType = sourcecode.swift; path = LoginFormEx.swift; sourceTree = "<group>"; };
		14D58046251F3A7E00256FAE /* TabBar2.swift */ = {isa = PBXFileReference; lastKnownFileType = sourcecode.swift; path = TabBar2.swift; sourceTree = "<group>"; };
		14DF8A0325261A1E00918E8B /* URLTutorial.swift */ = {isa = PBXFileReference; lastKnownFileType = sourcecode.swift; path = URLTutorial.swift; sourceTree = "<group>"; };
/* End PBXFileReference section */

/* Begin PBXFrameworksBuildPhase section */
		141F6307251B44BA00A4CE48 /* Frameworks */ = {
			isa = PBXFrameworksBuildPhase;
			buildActionMask = 2147483647;
			files = (
			);
			runOnlyForDeploymentPostprocessing = 0;
		};
/* End PBXFrameworksBuildPhase section */

/* Begin PBXGroup section */
		141F6301251B44BA00A4CE48 = {
			isa = PBXGroup;
			children = (
				141F630C251B44BA00A4CE48 /* Tutorials */,
			);
			sourceTree = "<group>";
		};
		141F630B251B44BA00A4CE48 /* Products */ = {
			isa = PBXGroup;
			children = (
				141F630A251B44BA00A4CE48 /* Tutorials.app */,
			);
			name = Products;
			path = ..;
			sourceTree = "<group>";
		};
		141F630C251B44BA00A4CE48 /* Tutorials */ = {
			isa = PBXGroup;
			children = (
				141F630D251B44BA00A4CE48 /* TutorialsApp.swift */,
				141F630F251B44BA00A4CE48 /* ContentView.swift */,
				141F631D251B4C3400A4CE48 /* Loop.swift */,
				14C63C89251DB7590000AE85 /* LoginFormEx.swift */,
				1452C85B251F1C5C00DD806C /* TabBar.swift */,
				14D58046251F3A7E00256FAE /* TabBar2.swift */,
				144C56A12520AEDE00481DFE /* PaySeparate.swift */,
				14DF8A0325261A1E00918E8B /* URLTutorial.swift */,
				1413D66A252AD7AE00E51EC4 /* ValidatingDIsableForms.swift */,
				141F6311251B44BB00A4CE48 /* Assets.xcassets */,
				141F6316251B44BB00A4CE48 /* Info.plist */,
				141F6313251B44BB00A4CE48 /* Preview Content */,
				141F630B251B44BA00A4CE48 /* Products */,
			);
			path = Tutorials;
			sourceTree = "<group>";
		};
		141F6313251B44BB00A4CE48 /* Preview Content */ = {
			isa = PBXGroup;
			children = (
				141F6314251B44BB00A4CE48 /* Preview Assets.xcassets */,
			);
			path = "Preview Content";
			sourceTree = "<group>";
		};
/* End PBXGroup section */

/* Begin PBXNativeTarget section */
		141F6309251B44BA00A4CE48 /* Tutorials */ = {
			isa = PBXNativeTarget;
			buildConfigurationList = 141F6319251B44BB00A4CE48 /* Build configuration list for PBXNativeTarget "Tutorials" */;
			buildPhases = (
				141F6306251B44BA00A4CE48 /* Sources */,
				141F6307251B44BA00A4CE48 /* Frameworks */,
				141F6308251B44BA00A4CE48 /* Resources */,
			);
			buildRules = (
			);
			dependencies = (
			);
			name = Tutorials;
			productName = Tutorials;
			productReference = 141F630A251B44BA00A4CE48 /* Tutorials.app */;
			productType = "com.apple.product-type.application";
		};
/* End PBXNativeTarget section */

/* Begin PBXProject section */
		141F6302251B44BA00A4CE48 /* Project object */ = {
			isa = PBXProject;
			attributes = {
				LastSwiftUpdateCheck = 1200;
				LastUpgradeCheck = 1200;
				TargetAttributes = {
					141F6309251B44BA00A4CE48 = {
						CreatedOnToolsVersion = 12.0;
					};
				};
			};
			buildConfigurationList = 141F6305251B44BA00A4CE48 /* Build configuration list for PBXProject "Tutorials" */;
			compatibilityVersion = "Xcode 9.3";
			developmentRegion = en;
			hasScannedForEncodings = 0;
			knownRegions = (
				en,
				Base,
			);
			mainGroup = 141F6301251B44BA00A4CE48;
			productRefGroup = 141F630B251B44BA00A4CE48 /* Products */;
			projectDirPath = "";
			projectRoot = "";
			targets = (
				141F6309251B44BA00A4CE48 /* Tutorials */,
			);
		};
/* End PBXProject section */

/* Begin PBXResourcesBuildPhase section */
		141F6308251B44BA00A4CE48 /* Resources */ = {
			isa = PBXResourcesBuildPhase;
			buildActionMask = 2147483647;
			files = (
				141F6315251B44BB00A4CE48 /* Preview Assets.xcassets in Resources */,
				141F6312251B44BB00A4CE48 /* Assets.xcassets in Resources */,
			);
			runOnlyForDeploymentPostprocessing = 0;
		};
/* End PBXResourcesBuildPhase section */

/* Begin PBXSourcesBuildPhase section */
		141F6306251B44BA00A4CE48 /* Sources */ = {
			isa = PBXSourcesBuildPhase;
			buildActionMask = 2147483647;
			files = (
				1413D66B252AD7AE00E51EC4 /* ValidatingDIsableForms.swift in Sources */,
				141F631E251B4C3400A4CE48 /* Loop.swift in Sources */,
				141F6310251B44BA00A4CE48 /* ContentView.swift in Sources */,
				14DF8A0425261A1E00918E8B /* URLTutorial.swift in Sources */,
				14C63C8A251DB7590000AE85 /* LoginFormEx.swift in Sources */,
				141F630E251B44BA00A4CE48 /* TutorialsApp.swift in Sources */,
				144C56A22520AEDE00481DFE /* PaySeparate.swift in Sources */,
				14D58047251F3A7E00256FAE /* TabBar2.swift in Sources */,
				1452C85C251F1C5C00DD806C /* TabBar.swift in Sources */,
			);
			runOnlyForDeploymentPostprocessing = 0;
		};
/* End PBXSourcesBuildPhase section */

/* Begin XCBuildConfiguration section */
		141F6317251B44BB00A4CE48 /* Debug */ = {
			isa = XCBuildConfiguration;
			buildSettings = {
				ALWAYS_SEARCH_USER_PATHS = NO;
				CLANG_ANALYZER_NONNULL = YES;
				CLANG_ANALYZER_NUMBER_OBJECT_CONVERSION = YES_AGGRESSIVE;
				CLANG_CXX_LANGUAGE_STANDARD = "gnu++14";
				CLANG_CXX_LIBRARY = "libc++";
				CLANG_ENABLE_MODULES = YES;
				CLANG_ENABLE_OBJC_ARC = YES;
				CLANG_ENABLE_OBJC_WEAK = YES;
				CLANG_WARN_BLOCK_CAPTURE_AUTORELEASING = YES;
				CLANG_WARN_BOOL_CONVERSION = YES;
				CLANG_WARN_COMMA = YES;
				CLANG_WARN_CONSTANT_CONVERSION = YES;
				CLANG_WARN_DEPRECATED_OBJC_IMPLEMENTATIONS = YES;
				CLANG_WARN_DIRECT_OBJC_ISA_USAGE = YES_ERROR;
				CLANG_WARN_DOCUMENTATION_COMMENTS = YES;
				CLANG_WARN_EMPTY_BODY = YES;
				CLANG_WARN_ENUM_CONVERSION = YES;
				CLANG_WARN_INFINITE_RECURSION = YES;
				CLANG_WARN_INT_CONVERSION = YES;
				CLANG_WARN_NON_LITERAL_NULL_CONVERSION = YES;
				CLANG_WARN_OBJC_IMPLICIT_RETAIN_SELF = YES;
				CLANG_WARN_OBJC_LITERAL_CONVERSION = YES;
				CLANG_WARN_OBJC_ROOT_CLASS = YES_ERROR;
				CLANG_WARN_QUOTED_INCLUDE_IN_FRAMEWORK_HEADER = YES;
				CLANG_WARN_RANGE_LOOP_ANALYSIS = YES;
				CLANG_WARN_STRICT_PROTOTYPES = YES;
				CLANG_WARN_SUSPICIOUS_MOVE = YES;
				CLANG_WARN_UNGUARDED_AVAILABILITY = YES_AGGRESSIVE;
				CLANG_WARN_UNREACHABLE_CODE = YES;
				CLANG_WARN__DUPLICATE_METHOD_MATCH = YES;
				COPY_PHASE_STRIP = NO;
				DEBUG_INFORMATION_FORMAT = dwarf;
				ENABLE_STRICT_OBJC_MSGSEND = YES;
				ENABLE_TESTABILITY = YES;
				GCC_C_LANGUAGE_STANDARD = gnu11;
				GCC_DYNAMIC_NO_PIC = NO;
				GCC_NO_COMMON_BLOCKS = YES;
				GCC_OPTIMIZATION_LEVEL = 0;
				GCC_PREPROCESSOR_DEFINITIONS = (
					"DEBUG=1",
					"$(inherited)",
				);
				GCC_WARN_64_TO_32_BIT_CONVERSION = YES;
				GCC_WARN_ABOUT_RETURN_TYPE = YES_ERROR;
				GCC_WARN_UNDECLARED_SELECTOR = YES;
				GCC_WARN_UNINITIALIZED_AUTOS = YES_AGGRESSIVE;
				GCC_WARN_UNUSED_FUNCTION = YES;
				GCC_WARN_UNUSED_VARIABLE = YES;
				IPHONEOS_DEPLOYMENT_TARGET = 14.0;
				MTL_ENABLE_DEBUG_INFO = INCLUDE_SOURCE;
				MTL_FAST_MATH = YES;
				ONLY_ACTIVE_ARCH = YES;
				SDKROOT = iphoneos;
				SWIFT_ACTIVE_COMPILATION_CONDITIONS = DEBUG;
				SWIFT_OPTIMIZATION_LEVEL = "-Onone";
			};
			name = Debug;
		};
		141F6318251B44BB00A4CE48 /* Release */ = {
			isa = XCBuildConfiguration;
			buildSettings = {
				ALWAYS_SEARCH_USER_PATHS = NO;
				CLANG_ANALYZER_NONNULL = YES;
				CLANG_ANALYZER_NUMBER_OBJECT_CONVERSION = YES_AGGRESSIVE;
				CLANG_CXX_LANGUAGE_STANDARD = "gnu++14";
				CLANG_CXX_LIBRARY = "libc++";
				CLANG_ENABLE_MODULES = YES;
				CLANG_ENABLE_OBJC_ARC = YES;
				CLANG_ENABLE_OBJC_WEAK = YES;
				CLANG_WARN_BLOCK_CAPTURE_AUTORELEASING = YES;
				CLANG_WARN_BOOL_CONVERSION = YES;
				CLANG_WARN_COMMA = YES;
				CLANG_WARN_CONSTANT_CONVERSION = YES;
				CLANG_WARN_DEPRECATED_OBJC_IMPLEMENTATIONS = YES;
				CLANG_WARN_DIRECT_OBJC_ISA_USAGE = YES_ERROR;
				CLANG_WARN_DOCUMENTATION_COMMENTS = YES;
				CLANG_WARN_EMPTY_BODY = YES;
				CLANG_WARN_ENUM_CONVERSION = YES;
				CLANG_WARN_INFINITE_RECURSION = YES;
				CLANG_WARN_INT_CONVERSION = YES;
				CLANG_WARN_NON_LITERAL_NULL_CONVERSION = YES;
				CLANG_WARN_OBJC_IMPLICIT_RETAIN_SELF = YES;
				CLANG_WARN_OBJC_LITERAL_CONVERSION = YES;
				CLANG_WARN_OBJC_ROOT_CLASS = YES_ERROR;
				CLANG_WARN_QUOTED_INCLUDE_IN_FRAMEWORK_HEADER = YES;
				CLANG_WARN_RANGE_LOOP_ANALYSIS = YES;
				CLANG_WARN_STRICT_PROTOTYPES = YES;
				CLANG_WARN_SUSPICIOUS_MOVE = YES;
				CLANG_WARN_UNGUARDED_AVAILABILITY = YES_AGGRESSIVE;
				CLANG_WARN_UNREACHABLE_CODE = YES;
				CLANG_WARN__DUPLICATE_METHOD_MATCH = YES;
				COPY_PHASE_STRIP = NO;
				DEBUG_INFORMATION_FORMAT = "dwarf-with-dsym";
				ENABLE_NS_ASSERTIONS = NO;
				ENABLE_STRICT_OBJC_MSGSEND = YES;
				GCC_C_LANGUAGE_STANDARD = gnu11;
				GCC_NO_COMMON_BLOCKS = YES;
				GCC_WARN_64_TO_32_BIT_CONVERSION = YES;
				GCC_WARN_ABOUT_RETURN_TYPE = YES_ERROR;
				GCC_WARN_UNDECLARED_SELECTOR = YES;
				GCC_WARN_UNINITIALIZED_AUTOS = YES_AGGRESSIVE;
				GCC_WARN_UNUSED_FUNCTION = YES;
				GCC_WARN_UNUSED_VARIABLE = YES;
				IPHONEOS_DEPLOYMENT_TARGET = 14.0;
				MTL_ENABLE_DEBUG_INFO = NO;
				MTL_FAST_MATH = YES;
				SDKROOT = iphoneos;
				SWIFT_COMPILATION_MODE = wholemodule;
				SWIFT_OPTIMIZATION_LEVEL = "-O";
				VALIDATE_PRODUCT = YES;
			};
			name = Release;
		};
		141F631A251B44BB00A4CE48 /* Debug */ = {
			isa = XCBuildConfiguration;
			buildSettings = {
				ASSETCATALOG_COMPILER_APPICON_NAME = AppIcon;
				ASSETCATALOG_COMPILER_GLOBAL_ACCENT_COLOR_NAME = AccentColor;
				CODE_SIGN_STYLE = Automatic;
				DEVELOPMENT_ASSET_PATHS = "\"Tutorials/Preview Content\"";
				ENABLE_PREVIEWS = YES;
				INFOPLIST_FILE = Tutorials/Info.plist;
				IPHONEOS_DEPLOYMENT_TARGET = 14.0;
				LD_RUNPATH_SEARCH_PATHS = (
					"$(inherited)",
					"@executable_path/Frameworks",
				);
				PRODUCT_BUNDLE_IDENTIFIER = com.Tutorials;
				PRODUCT_NAME = "$(TARGET_NAME)";
				SWIFT_VERSION = 5.0;
				TARGETED_DEVICE_FAMILY = "1,2";
			};
			name = Debug;
		};
		141F631B251B44BB00A4CE48 /* Release */ = {
			isa = XCBuildConfiguration;
			buildSettings = {
				ASSETCATALOG_COMPILER_APPICON_NAME = AppIcon;
				ASSETCATALOG_COMPILER_GLOBAL_ACCENT_COLOR_NAME = AccentColor;
				CODE_SIGN_STYLE = Automatic;
				DEVELOPMENT_ASSET_PATHS = "\"Tutorials/Preview Content\"";
				ENABLE_PREVIEWS = YES;
				INFOPLIST_FILE = Tutorials/Info.plist;
				IPHONEOS_DEPLOYMENT_TARGET = 14.0;
				LD_RUNPATH_SEARCH_PATHS = (
					"$(inherited)",
					"@executable_path/Frameworks",
				);
				PRODUCT_BUNDLE_IDENTIFIER = com.Tutorials;
				PRODUCT_NAME = "$(TARGET_NAME)";
				SWIFT_VERSION = 5.0;
				TARGETED_DEVICE_FAMILY = "1,2";
			};
			name = Release;
		};
/* End XCBuildConfiguration section */

/* Begin XCConfigurationList section */
		141F6305251B44BA00A4CE48 /* Build configuration list for PBXProject "Tutorials" */ = {
			isa = XCConfigurationList;
			buildConfigurations = (
				141F6317251B44BB00A4CE48 /* Debug */,
				141F6318251B44BB00A4CE48 /* Release */,
			);
			defaultConfigurationIsVisible = 0;
			defaultConfigurationName = Release;
		};
		141F6319251B44BB00A4CE48 /* Build configuration list for PBXNativeTarget "Tutorials" */ = {
			isa = XCConfigurationList;
			buildConfigurations = (
				141F631A251B44BB00A4CE48 /* Debug */,
				141F631B251B44BB00A4CE48 /* Release */,
			);
			defaultConfigurationIsVisible = 0;
			defaultConfigurationName = Release;
		};
/* End XCConfigurationList section */
	};
	rootObject = 141F6302251B44BA00A4CE48 /* Project object */;
}
